
Microsoft Visual Studio Solution File, Format Version 12.00
# Visual Studio 2013
VisualStudioVersion = 12.0.40629.0
MinimumVisualStudioVersion = 10.0.40219.1
Project("{FAE04EC0-301F-11D3-BF4B-00C04F79EFBC}") = "HackathonEdTechLab", "HackathonEdTechLab\HackathonEdTechLab.csproj", "{F8EAB8FB-F1A1-4402-9DA1-AABC2AB0E78E}"
EndProject
Global
	GlobalSection(SolutionConfigurationPlatforms) = preSolution
		Debug|Any CPU = Debug|Any CPU
		Release|Any CPU = Release|Any CPU
	EndGlobalSection
	GlobalSection(ProjectConfigurationPlatforms) = postSolution
		{F8EAB8FB-F1A1-4402-9DA1-AABC2AB0E78E}.Debug|Any CPU.ActiveCfg = Debug|Any CPU
		{F8EAB8FB-F1A1-4402-9DA1-AABC2AB0E78E}.Debug|Any CPU.Build.0 = Debug|Any CPU
		{F8EAB8FB-F1A1-4402-9DA1-AABC2AB0E78E}.Release|Any CPU.ActiveCfg = Release|Any CPU
		{F8EAB8FB-F1A1-4402-9DA1-AABC2AB0E78E}.Release|Any CPU.Build.0 = Release|Any CPU
	EndGlobalSection
	GlobalSection(SolutionProperties) = preSolution
		HideSolutionNode = FALSE
	EndGlobalSection
EndGlobal
